
Microsoft Visual Studio Solution File, Format Version 12.00
# Visual Studio Version 17
VisualStudioVersion = 17.8.34330.188
MinimumVisualStudioVersion = 10.0.40219.1
Project("{2150E333-8FDC-42A3-9474-1A3956D46DE8}") = "Services", "Services", "{0BE4B73C-D2AE-437E-A1A2-D3A59CC060A6}"
EndProject
Project("{2150E333-8FDC-42A3-9474-1A3956D46DE8}") = "Booking", "Booking", "{DBB0281E-FA0B-4ECA-9D6B-75F5E2921F4E}"
EndProject
Project("{FAE04EC0-301F-11D3-BF4B-00C04F79EFBC}") = "Booking.Domain", "Services\Booking\Booking.Domain\Booking.Domain.csproj", "{ECA0C420-1356-4FCD-8644-A9D5BC633C2A}"
EndProject
Project("{FAE04EC0-301F-11D3-BF4B-00C04F79EFBC}") = "Booking.Application", "Services\Booking\Booking.Application\Booking.Application.csproj", "{D90EC531-5E5F-4A43-B978-0E64A9DE90E4}"
EndProject
Project("{FAE04EC0-301F-11D3-BF4B-00C04F79EFBC}") = "Booking.Infrastructure", "Services\Booking\Booking.Infrastructure\Booking.Infrastructure.csproj", "{3D707336-0E59-4412-9BE5-8ED0B68F025F}"
EndProject
Project("{FAE04EC0-301F-11D3-BF4B-00C04F79EFBC}") = "Booking.API", "Services\Booking\Booking.API\Booking.API.csproj", "{53DCE9F1-4719-4745-A1E0-669C55765099}"
EndProject
Project("{FAE04EC0-301F-11D3-BF4B-00C04F79EFBC}") = "Booking.Domain.Tests", "Services\Booking\Booking.Domain.Tests\Booking.Domain.Tests.csproj", "{B3C8E17B-B5A3-4337-B31A-336FDF5F83D5}"
EndProject
Project("{FAE04EC0-301F-11D3-BF4B-00C04F79EFBC}") = "SharedKernel", "SharedKernel\SharedKernel.csproj", "{1D57DE8E-DBE0-41E2-9AB3-72AF6022FE3B}"
EndProject
Project("{2150E333-8FDC-42A3-9474-1A3956D46DE8}") = "User", "User", "{73AD4B56-1DF9-4D54-A135-38C813F816AD}"
EndProject
Project("{FAE04EC0-301F-11D3-BF4B-00C04F79EFBC}") = "User.Domain", "Services\User\User.Domain\User.Domain.csproj", "{E471F5D3-6E8E-49F8-A0D9-C38867B2BD33}"
EndProject
Project("{FAE04EC0-301F-11D3-BF4B-00C04F79EFBC}") = "User.Application", "Services\User\User.Application\User.Application.csproj", "{E2DECD3D-BFCE-4D57-8C67-65393EA6E476}"
EndProject
Project("{FAE04EC0-301F-11D3-BF4B-00C04F79EFBC}") = "User.Infrastructure", "Services\User\User.Infrastructure\User.Infrastructure.csproj", "{35F85D69-B835-4D10-8DE4-2860E899B150}"
EndProject
Project("{FAE04EC0-301F-11D3-BF4B-00C04F79EFBC}") = "User.API", "Services\User\User.API\User.API.csproj", "{5C2080E6-9FEA-4A0E-8DE4-161A5423B077}"
EndProject
Project("{FAE04EC0-301F-11D3-BF4B-00C04F79EFBC}") = "User.Domain.Tests", "Services\User\User.Domain.Tests\User.Domain.Tests.csproj", "{714BE977-ABE9-4464-BDF3-080693C35AAE}"
EndProject
Project("{FAE04EC0-301F-11D3-BF4B-00C04F79EFBC}") = "Ride.API", "Services\Ride\Ride.API\Ride.API.csproj", "{B6A02D19-9F56-01A7-894A-7163CABA8346}"
EndProject
Project("{FAE04EC0-301F-11D3-BF4B-00C04F79EFBC}") = "Ride.Application", "Services\Ride\Ride.Application\Ride.Application.csproj", "{ADCC9D0D-C801-2E19-8DA5-EEFC873694DD}"
EndProject
Project("{FAE04EC0-301F-11D3-BF4B-00C04F79EFBC}") = "Ride.Domain", "Services\Ride\Ride.Domain\Ride.Domain.csproj", "{2A115F64-AAB3-714D-8BFD-CA99C2FC5520}"
EndProject
Project("{FAE04EC0-301F-11D3-BF4B-00C04F79EFBC}") = "Ride.Domain.Tests", "Services\Ride\Ride.Domain.Tests\Ride.Domain.Tests.csproj", "{BE0B0CB0-84F1-A5A4-9350-A6A06DB38745}"
EndProject
Project("{FAE04EC0-301F-11D3-BF4B-00C04F79EFBC}") = "Ride.Infrastructure", "Services\Ride\Ride.Infrastructure\Ride.Infrastructure.csproj", "{0FE3875A-2598-D729-F9B6-0E793156B269}"
EndProject
Project("{2150E333-8FDC-42A3-9474-1A3956D46DE8}") = "Ride", "Ride", "{02EA681E-C7D8-13C7-8484-4AC65E1B71E8}"
EndProject
Project("{FAE04EC0-301F-11D3-BF4B-00C04F79EFBC}") = "ApiGateway", "ApiGateway\ApiGateway.csproj", "{5901110B-215F-4BB0-A92F-313DF650F7D4}"
EndProject
Project("{FAE04EC0-301F-11D3-BF4B-00C04F79EFBC}") = "Booking.Application.Tests", "Services\Booking\Booking.Application.Tests\Booking.Application.Tests.csproj", "{9F9FEFB4-6B5E-46AD-9195-30AE9E68B49C}"
EndProject
Project("{2150E333-8FDC-42A3-9474-1A3956D46DE8}") = "tests", "tests", "{0AB3BF05-4346-4AA6-1389-037BE0695223}"
EndProject
Project("{FAE04EC0-301F-11D3-BF4B-00C04F79EFBC}") = "RideBuddy.E2E.Tests", "tests\RideBuddy.E2E.Tests\RideBuddy.E2E.Tests.csproj", "{DE68A982-643F-49E2-AB99-ADC52E835C3A}"
EndProject
Global
	GlobalSection(SolutionConfigurationPlatforms) = preSolution
		Debug|Any CPU = Debug|Any CPU
		Debug|x64 = Debug|x64
		Debug|x86 = Debug|x86
		Release|Any CPU = Release|Any CPU
		Release|x64 = Release|x64
		Release|x86 = Release|x86
	EndGlobalSection
	GlobalSection(ProjectConfigurationPlatforms) = postSolution
		{ECA0C420-1356-4FCD-8644-A9D5BC633C2A}.Debug|Any CPU.ActiveCfg = Debug|Any CPU
		{ECA0C420-1356-4FCD-8644-A9D5BC633C2A}.Debug|Any CPU.Build.0 = Debug|Any CPU
		{ECA0C420-1356-4FCD-8644-A9D5BC633C2A}.Debug|x64.ActiveCfg = Debug|Any CPU
		{ECA0C420-1356-4FCD-8644-A9D5BC633C2A}.Debug|x64.Build.0 = Debug|Any CPU
		{ECA0C420-1356-4FCD-8644-A9D5BC633C2A}.Debug|x86.ActiveCfg = Debug|Any CPU
		{ECA0C420-1356-4FCD-8644-A9D5BC633C2A}.Debug|x86.Build.0 = Debug|Any CPU
		{ECA0C420-1356-4FCD-8644-A9D5BC633C2A}.Release|Any CPU.ActiveCfg = Release|Any CPU
		{ECA0C420-1356-4FCD-8644-A9D5BC633C2A}.Release|Any CPU.Build.0 = Release|Any CPU
		{ECA0C420-1356-4FCD-8644-A9D5BC633C2A}.Release|x64.ActiveCfg = Release|Any CPU
		{ECA0C420-1356-4FCD-8644-A9D5BC633C2A}.Release|x64.Build.0 = Release|Any CPU
		{ECA0C420-1356-4FCD-8644-A9D5BC633C2A}.Release|x86.ActiveCfg = Release|Any CPU
		{ECA0C420-1356-4FCD-8644-A9D5BC633C2A}.Release|x86.Build.0 = Release|Any CPU
		{D90EC531-5E5F-4A43-B978-0E64A9DE90E4}.Debug|Any CPU.ActiveCfg = Debug|Any CPU
		{D90EC531-5E5F-4A43-B978-0E64A9DE90E4}.Debug|Any CPU.Build.0 = Debug|Any CPU
		{D90EC531-5E5F-4A43-B978-0E64A9DE90E4}.Debug|x64.ActiveCfg = Debug|Any CPU
		{D90EC531-5E5F-4A43-B978-0E64A9DE90E4}.Debug|x64.Build.0 = Debug|Any CPU
		{D90EC531-5E5F-4A43-B978-0E64A9DE90E4}.Debug|x86.ActiveCfg = Debug|Any CPU
		{D90EC531-5E5F-4A43-B978-0E64A9DE90E4}.Debug|x86.Build.0 = Debug|Any CPU
		{D90EC531-5E5F-4A43-B978-0E64A9DE90E4}.Release|Any CPU.ActiveCfg = Release|Any CPU
		{D90EC531-5E5F-4A43-B978-0E64A9DE90E4}.Release|Any CPU.Build.0 = Release|Any CPU
		{D90EC531-5E5F-4A43-B978-0E64A9DE90E4}.Release|x64.ActiveCfg = Release|Any CPU
		{D90EC531-5E5F-4A43-B978-0E64A9DE90E4}.Release|x64.Build.0 = Release|Any CPU
		{D90EC531-5E5F-4A43-B978-0E64A9DE90E4}.Release|x86.ActiveCfg = Release|Any CPU
		{D90EC531-5E5F-4A43-B978-0E64A9DE90E4}.Release|x86.Build.0 = Release|Any CPU
		{3D707336-0E59-4412-9BE5-8ED0B68F025F}.Debug|Any CPU.ActiveCfg = Debug|Any CPU
		{3D707336-0E59-4412-9BE5-8ED0B68F025F}.Debug|Any CPU.Build.0 = Debug|Any CPU
		{3D707336-0E59-4412-9BE5-8ED0B68F025F}.Debug|x64.ActiveCfg = Debug|Any CPU
		{3D707336-0E59-4412-9BE5-8ED0B68F025F}.Debug|x64.Build.0 = Debug|Any CPU
		{3D707336-0E59-4412-9BE5-8ED0B68F025F}.Debug|x86.ActiveCfg = Debug|Any CPU
		{3D707336-0E59-4412-9BE5-8ED0B68F025F}.Debug|x86.Build.0 = Debug|Any CPU
		{3D707336-0E59-4412-9BE5-8ED0B68F025F}.Release|Any CPU.ActiveCfg = Release|Any CPU
		{3D707336-0E59-4412-9BE5-8ED0B68F025F}.Release|Any CPU.Build.0 = Release|Any CPU
		{3D707336-0E59-4412-9BE5-8ED0B68F025F}.Release|x64.ActiveCfg = Release|Any CPU
		{3D707336-0E59-4412-9BE5-8ED0B68F025F}.Release|x64.Build.0 = Release|Any CPU
		{3D707336-0E59-4412-9BE5-8ED0B68F025F}.Release|x86.ActiveCfg = Release|Any CPU
		{3D707336-0E59-4412-9BE5-8ED0B68F025F}.Release|x86.Build.0 = Release|Any CPU
		{53DCE9F1-4719-4745-A1E0-669C55765099}.Debug|Any CPU.ActiveCfg = Debug|Any CPU
		{53DCE9F1-4719-4745-A1E0-669C55765099}.Debug|Any CPU.Build.0 = Debug|Any CPU
		{53DCE9F1-4719-4745-A1E0-669C55765099}.Debug|x64.ActiveCfg = Debug|Any CPU
		{53DCE9F1-4719-4745-A1E0-669C55765099}.Debug|x64.Build.0 = Debug|Any CPU
		{53DCE9F1-4719-4745-A1E0-669C55765099}.Debug|x86.ActiveCfg = Debug|Any CPU
		{53DCE9F1-4719-4745-A1E0-669C55765099}.Debug|x86.Build.0 = Debug|Any CPU
		{53DCE9F1-4719-4745-A1E0-669C55765099}.Release|Any CPU.ActiveCfg = Release|Any CPU
		{53DCE9F1-4719-4745-A1E0-669C55765099}.Release|Any CPU.Build.0 = Release|Any CPU
		{53DCE9F1-4719-4745-A1E0-669C55765099}.Release|x64.ActiveCfg = Release|Any CPU
		{53DCE9F1-4719-4745-A1E0-669C55765099}.Release|x64.Build.0 = Release|Any CPU
		{53DCE9F1-4719-4745-A1E0-669C55765099}.Release|x86.ActiveCfg = Release|Any CPU
		{53DCE9F1-4719-4745-A1E0-669C55765099}.Release|x86.Build.0 = Release|Any CPU
		{B3C8E17B-B5A3-4337-B31A-336FDF5F83D5}.Debug|Any CPU.ActiveCfg = Debug|Any CPU
		{B3C8E17B-B5A3-4337-B31A-336FDF5F83D5}.Debug|Any CPU.Build.0 = Debug|Any CPU
		{B3C8E17B-B5A3-4337-B31A-336FDF5F83D5}.Debug|x64.ActiveCfg = Debug|Any CPU
		{B3C8E17B-B5A3-4337-B31A-336FDF5F83D5}.Debug|x64.Build.0 = Debug|Any CPU
		{B3C8E17B-B5A3-4337-B31A-336FDF5F83D5}.Debug|x86.ActiveCfg = Debug|Any CPU
		{B3C8E17B-B5A3-4337-B31A-336FDF5F83D5}.Debug|x86.Build.0 = Debug|Any CPU
		{B3C8E17B-B5A3-4337-B31A-336FDF5F83D5}.Release|Any CPU.ActiveCfg = Release|Any CPU
		{B3C8E17B-B5A3-4337-B31A-336FDF5F83D5}.Release|Any CPU.Build.0 = Release|Any CPU
		{B3C8E17B-B5A3-4337-B31A-336FDF5F83D5}.Release|x64.ActiveCfg = Release|Any CPU
		{B3C8E17B-B5A3-4337-B31A-336FDF5F83D5}.Release|x64.Build.0 = Release|Any CPU
		{B3C8E17B-B5A3-4337-B31A-336FDF5F83D5}.Release|x86.ActiveCfg = Release|Any CPU
		{B3C8E17B-B5A3-4337-B31A-336FDF5F83D5}.Release|x86.Build.0 = Release|Any CPU
		{1D57DE8E-DBE0-41E2-9AB3-72AF6022FE3B}.Debug|Any CPU.ActiveCfg = Debug|Any CPU
		{1D57DE8E-DBE0-41E2-9AB3-72AF6022FE3B}.Debug|Any CPU.Build.0 = Debug|Any CPU
		{1D57DE8E-DBE0-41E2-9AB3-72AF6022FE3B}.Debug|x64.ActiveCfg = Debug|Any CPU
		{1D57DE8E-DBE0-41E2-9AB3-72AF6022FE3B}.Debug|x64.Build.0 = Debug|Any CPU
		{1D57DE8E-DBE0-41E2-9AB3-72AF6022FE3B}.Debug|x86.ActiveCfg = Debug|Any CPU
		{1D57DE8E-DBE0-41E2-9AB3-72AF6022FE3B}.Debug|x86.Build.0 = Debug|Any CPU
		{1D57DE8E-DBE0-41E2-9AB3-72AF6022FE3B}.Release|Any CPU.ActiveCfg = Release|Any CPU
		{1D57DE8E-DBE0-41E2-9AB3-72AF6022FE3B}.Release|Any CPU.Build.0 = Release|Any CPU
		{1D57DE8E-DBE0-41E2-9AB3-72AF6022FE3B}.Release|x64.ActiveCfg = Release|Any CPU
		{1D57DE8E-DBE0-41E2-9AB3-72AF6022FE3B}.Release|x64.Build.0 = Release|Any CPU
		{1D57DE8E-DBE0-41E2-9AB3-72AF6022FE3B}.Release|x86.ActiveCfg = Release|Any CPU
		{1D57DE8E-DBE0-41E2-9AB3-72AF6022FE3B}.Release|x86.Build.0 = Release|Any CPU
		{E471F5D3-6E8E-49F8-A0D9-C38867B2BD33}.Debug|Any CPU.ActiveCfg = Debug|Any CPU
		{E471F5D3-6E8E-49F8-A0D9-C38867B2BD33}.Debug|Any CPU.Build.0 = Debug|Any CPU
		{E471F5D3-6E8E-49F8-A0D9-C38867B2BD33}.Debug|x64.ActiveCfg = Debug|Any CPU
		{E471F5D3-6E8E-49F8-A0D9-C38867B2BD33}.Debug|x64.Build.0 = Debug|Any CPU
		{E471F5D3-6E8E-49F8-A0D9-C38867B2BD33}.Debug|x86.ActiveCfg = Debug|Any CPU
		{E471F5D3-6E8E-49F8-A0D9-C38867B2BD33}.Debug|x86.Build.0 = Debug|Any CPU
		{E471F5D3-6E8E-49F8-A0D9-C38867B2BD33}.Release|Any CPU.ActiveCfg = Release|Any CPU
		{E471F5D3-6E8E-49F8-A0D9-C38867B2BD33}.Release|Any CPU.Build.0 = Release|Any CPU
		{E471F5D3-6E8E-49F8-A0D9-C38867B2BD33}.Release|x64.ActiveCfg = Release|Any CPU
		{E471F5D3-6E8E-49F8-A0D9-C38867B2BD33}.Release|x64.Build.0 = Release|Any CPU
		{E471F5D3-6E8E-49F8-A0D9-C38867B2BD33}.Release|x86.ActiveCfg = Release|Any CPU
		{E471F5D3-6E8E-49F8-A0D9-C38867B2BD33}.Release|x86.Build.0 = Release|Any CPU
		{E2DECD3D-BFCE-4D57-8C67-65393EA6E476}.Debug|Any CPU.ActiveCfg = Debug|Any CPU
		{E2DECD3D-BFCE-4D57-8C67-65393EA6E476}.Debug|Any CPU.Build.0 = Debug|Any CPU
		{E2DECD3D-BFCE-4D57-8C67-65393EA6E476}.Debug|x64.ActiveCfg = Debug|Any CPU
		{E2DECD3D-BFCE-4D57-8C67-65393EA6E476}.Debug|x64.Build.0 = Debug|Any CPU
		{E2DECD3D-BFCE-4D57-8C67-65393EA6E476}.Debug|x86.ActiveCfg = Debug|Any CPU
		{E2DECD3D-BFCE-4D57-8C67-65393EA6E476}.Debug|x86.Build.0 = Debug|Any CPU
		{E2DECD3D-BFCE-4D57-8C67-65393EA6E476}.Release|Any CPU.ActiveCfg = Release|Any CPU
		{E2DECD3D-BFCE-4D57-8C67-65393EA6E476}.Release|Any CPU.Build.0 = Release|Any CPU
		{E2DECD3D-BFCE-4D57-8C67-65393EA6E476}.Release|x64.ActiveCfg = Release|Any CPU
		{E2DECD3D-BFCE-4D57-8C67-65393EA6E476}.Release|x64.Build.0 = Release|Any CPU
		{E2DECD3D-BFCE-4D57-8C67-65393EA6E476}.Release|x86.ActiveCfg = Release|Any CPU
		{E2DECD3D-BFCE-4D57-8C67-65393EA6E476}.Release|x86.Build.0 = Release|Any CPU
		{35F85D69-B835-4D10-8DE4-2860E899B150}.Debug|Any CPU.ActiveCfg = Debug|Any CPU
		{35F85D69-B835-4D10-8DE4-2860E899B150}.Debug|Any CPU.Build.0 = Debug|Any CPU
		{35F85D69-B835-4D10-8DE4-2860E899B150}.Debug|x64.ActiveCfg = Debug|Any CPU
		{35F85D69-B835-4D10-8DE4-2860E899B150}.Debug|x64.Build.0 = Debug|Any CPU
		{35F85D69-B835-4D10-8DE4-2860E899B150}.Debug|x86.ActiveCfg = Debug|Any CPU
		{35F85D69-B835-4D10-8DE4-2860E899B150}.Debug|x86.Build.0 = Debug|Any CPU
		{35F85D69-B835-4D10-8DE4-2860E899B150}.Release|Any CPU.ActiveCfg = Release|Any CPU
		{35F85D69-B835-4D10-8DE4-2860E899B150}.Release|Any CPU.Build.0 = Release|Any CPU
		{35F85D69-B835-4D10-8DE4-2860E899B150}.Release|x64.ActiveCfg = Release|Any CPU
		{35F85D69-B835-4D10-8DE4-2860E899B150}.Release|x64.Build.0 = Release|Any CPU
		{35F85D69-B835-4D10-8DE4-2860E899B150}.Release|x86.ActiveCfg = Release|Any CPU
		{35F85D69-B835-4D10-8DE4-2860E899B150}.Release|x86.Build.0 = Release|Any CPU
		{5C2080E6-9FEA-4A0E-8DE4-161A5423B077}.Debug|Any CPU.ActiveCfg = Debug|Any CPU
		{5C2080E6-9FEA-4A0E-8DE4-161A5423B077}.Debug|Any CPU.Build.0 = Debug|Any CPU
		{5C2080E6-9FEA-4A0E-8DE4-161A5423B077}.Debug|x64.ActiveCfg = Debug|Any CPU
		{5C2080E6-9FEA-4A0E-8DE4-161A5423B077}.Debug|x64.Build.0 = Debug|Any CPU
		{5C2080E6-9FEA-4A0E-8DE4-161A5423B077}.Debug|x86.ActiveCfg = Debug|Any CPU
		{5C2080E6-9FEA-4A0E-8DE4-161A5423B077}.Debug|x86.Build.0 = Debug|Any CPU
		{5C2080E6-9FEA-4A0E-8DE4-161A5423B077}.Release|Any CPU.ActiveCfg = Release|Any CPU
		{5C2080E6-9FEA-4A0E-8DE4-161A5423B077}.Release|Any CPU.Build.0 = Release|Any CPU
		{5C2080E6-9FEA-4A0E-8DE4-161A5423B077}.Release|x64.ActiveCfg = Release|Any CPU
		{5C2080E6-9FEA-4A0E-8DE4-161A5423B077}.Release|x64.Build.0 = Release|Any CPU
		{5C2080E6-9FEA-4A0E-8DE4-161A5423B077}.Release|x86.ActiveCfg = Release|Any CPU
		{5C2080E6-9FEA-4A0E-8DE4-161A5423B077}.Release|x86.Build.0 = Release|Any CPU
		{714BE977-ABE9-4464-BDF3-080693C35AAE}.Debug|Any CPU.ActiveCfg = Debug|Any CPU
		{714BE977-ABE9-4464-BDF3-080693C35AAE}.Debug|Any CPU.Build.0 = Debug|Any CPU
		{714BE977-ABE9-4464-BDF3-080693C35AAE}.Debug|x64.ActiveCfg = Debug|Any CPU
		{714BE977-ABE9-4464-BDF3-080693C35AAE}.Debug|x64.Build.0 = Debug|Any CPU
		{714BE977-ABE9-4464-BDF3-080693C35AAE}.Debug|x86.ActiveCfg = Debug|Any CPU
		{714BE977-ABE9-4464-BDF3-080693C35AAE}.Debug|x86.Build.0 = Debug|Any CPU
		{714BE977-ABE9-4464-BDF3-080693C35AAE}.Release|Any CPU.ActiveCfg = Release|Any CPU
		{714BE977-ABE9-4464-BDF3-080693C35AAE}.Release|Any CPU.Build.0 = Release|Any CPU
		{714BE977-ABE9-4464-BDF3-080693C35AAE}.Release|x64.ActiveCfg = Release|Any CPU
		{714BE977-ABE9-4464-BDF3-080693C35AAE}.Release|x64.Build.0 = Release|Any CPU
		{714BE977-ABE9-4464-BDF3-080693C35AAE}.Release|x86.ActiveCfg = Release|Any CPU
		{714BE977-ABE9-4464-BDF3-080693C35AAE}.Release|x86.Build.0 = Release|Any CPU
		{B6A02D19-9F56-01A7-894A-7163CABA8346}.Debug|Any CPU.ActiveCfg = Debug|Any CPU
		{B6A02D19-9F56-01A7-894A-7163CABA8346}.Debug|Any CPU.Build.0 = Debug|Any CPU
		{B6A02D19-9F56-01A7-894A-7163CABA8346}.Debug|x64.ActiveCfg = Debug|Any CPU
		{B6A02D19-9F56-01A7-894A-7163CABA8346}.Debug|x64.Build.0 = Debug|Any CPU
		{B6A02D19-9F56-01A7-894A-7163CABA8346}.Debug|x86.ActiveCfg = Debug|Any CPU
		{B6A02D19-9F56-01A7-894A-7163CABA8346}.Debug|x86.Build.0 = Debug|Any CPU
		{B6A02D19-9F56-01A7-894A-7163CABA8346}.Release|Any CPU.ActiveCfg = Release|Any CPU
		{B6A02D19-9F56-01A7-894A-7163CABA8346}.Release|Any CPU.Build.0 = Release|Any CPU
		{B6A02D19-9F56-01A7-894A-7163CABA8346}.Release|x64.ActiveCfg = Release|Any CPU
		{B6A02D19-9F56-01A7-894A-7163CABA8346}.Release|x64.Build.0 = Release|Any CPU
		{B6A02D19-9F56-01A7-894A-7163CABA8346}.Release|x86.ActiveCfg = Release|Any CPU
		{B6A02D19-9F56-01A7-894A-7163CABA8346}.Release|x86.Build.0 = Release|Any CPU
		{ADCC9D0D-C801-2E19-8DA5-EEFC873694DD}.Debug|Any CPU.ActiveCfg = Debug|Any CPU
		{ADCC9D0D-C801-2E19-8DA5-EEFC873694DD}.Debug|Any CPU.Build.0 = Debug|Any CPU
		{ADCC9D0D-C801-2E19-8DA5-EEFC873694DD}.Debug|x64.ActiveCfg = Debug|Any CPU
		{ADCC9D0D-C801-2E19-8DA5-EEFC873694DD}.Debug|x64.Build.0 = Debug|Any CPU
		{ADCC9D0D-C801-2E19-8DA5-EEFC873694DD}.Debug|x86.ActiveCfg = Debug|Any CPU
		{ADCC9D0D-C801-2E19-8DA5-EEFC873694DD}.Debug|x86.Build.0 = Debug|Any CPU
		{ADCC9D0D-C801-2E19-8DA5-EEFC873694DD}.Release|Any CPU.ActiveCfg = Release|Any CPU
		{ADCC9D0D-C801-2E19-8DA5-EEFC873694DD}.Release|Any CPU.Build.0 = Release|Any CPU
		{ADCC9D0D-C801-2E19-8DA5-EEFC873694DD}.Release|x64.ActiveCfg = Release|Any CPU
		{ADCC9D0D-C801-2E19-8DA5-EEFC873694DD}.Release|x64.Build.0 = Release|Any CPU
		{ADCC9D0D-C801-2E19-8DA5-EEFC873694DD}.Release|x86.ActiveCfg = Release|Any CPU
		{ADCC9D0D-C801-2E19-8DA5-EEFC873694DD}.Release|x86.Build.0 = Release|Any CPU
		{2A115F64-AAB3-714D-8BFD-CA99C2FC5520}.Debug|Any CPU.ActiveCfg = Debug|Any CPU
		{2A115F64-AAB3-714D-8BFD-CA99C2FC5520}.Debug|Any CPU.Build.0 = Debug|Any CPU
		{2A115F64-AAB3-714D-8BFD-CA99C2FC5520}.Debug|x64.ActiveCfg = Debug|Any CPU
		{2A115F64-AAB3-714D-8BFD-CA99C2FC5520}.Debug|x64.Build.0 = Debug|Any CPU
		{2A115F64-AAB3-714D-8BFD-CA99C2FC5520}.Debug|x86.ActiveCfg = Debug|Any CPU
		{2A115F64-AAB3-714D-8BFD-CA99C2FC5520}.Debug|x86.Build.0 = Debug|Any CPU
		{2A115F64-AAB3-714D-8BFD-CA99C2FC5520}.Release|Any CPU.ActiveCfg = Release|Any CPU
		{2A115F64-AAB3-714D-8BFD-CA99C2FC5520}.Release|Any CPU.Build.0 = Release|Any CPU
		{2A115F64-AAB3-714D-8BFD-CA99C2FC5520}.Release|x64.ActiveCfg = Release|Any CPU
		{2A115F64-AAB3-714D-8BFD-CA99C2FC5520}.Release|x64.Build.0 = Release|Any CPU
		{2A115F64-AAB3-714D-8BFD-CA99C2FC5520}.Release|x86.ActiveCfg = Release|Any CPU
		{2A115F64-AAB3-714D-8BFD-CA99C2FC5520}.Release|x86.Build.0 = Release|Any CPU
		{BE0B0CB0-84F1-A5A4-9350-A6A06DB38745}.Debug|Any CPU.ActiveCfg = Debug|Any CPU
		{BE0B0CB0-84F1-A5A4-9350-A6A06DB38745}.Debug|Any CPU.Build.0 = Debug|Any CPU
		{BE0B0CB0-84F1-A5A4-9350-A6A06DB38745}.Debug|x64.ActiveCfg = Debug|Any CPU
		{BE0B0CB0-84F1-A5A4-9350-A6A06DB38745}.Debug|x64.Build.0 = Debug|Any CPU
		{BE0B0CB0-84F1-A5A4-9350-A6A06DB38745}.Debug|x86.ActiveCfg = Debug|Any CPU
		{BE0B0CB0-84F1-A5A4-9350-A6A06DB38745}.Debug|x86.Build.0 = Debug|Any CPU
		{BE0B0CB0-84F1-A5A4-9350-A6A06DB38745}.Release|Any CPU.ActiveCfg = Release|Any CPU
		{BE0B0CB0-84F1-A5A4-9350-A6A06DB38745}.Release|Any CPU.Build.0 = Release|Any CPU
		{BE0B0CB0-84F1-A5A4-9350-A6A06DB38745}.Release|x64.ActiveCfg = Release|Any CPU
		{BE0B0CB0-84F1-A5A4-9350-A6A06DB38745}.Release|x64.Build.0 = Release|Any CPU
		{BE0B0CB0-84F1-A5A4-9350-A6A06DB38745}.Release|x86.ActiveCfg = Release|Any CPU
		{BE0B0CB0-84F1-A5A4-9350-A6A06DB38745}.Release|x86.Build.0 = Release|Any CPU
		{0FE3875A-2598-D729-F9B6-0E793156B269}.Debug|Any CPU.ActiveCfg = Debug|Any CPU
		{0FE3875A-2598-D729-F9B6-0E793156B269}.Debug|Any CPU.Build.0 = Debug|Any CPU
		{0FE3875A-2598-D729-F9B6-0E793156B269}.Debug|x64.ActiveCfg = Debug|Any CPU
		{0FE3875A-2598-D729-F9B6-0E793156B269}.Debug|x64.Build.0 = Debug|Any CPU
		{0FE3875A-2598-D729-F9B6-0E793156B269}.Debug|x86.ActiveCfg = Debug|Any CPU
		{0FE3875A-2598-D729-F9B6-0E793156B269}.Debug|x86.Build.0 = Debug|Any CPU
		{0FE3875A-2598-D729-F9B6-0E793156B269}.Release|Any CPU.ActiveCfg = Release|Any CPU
		{0FE3875A-2598-D729-F9B6-0E793156B269}.Release|Any CPU.Build.0 = Release|Any CPU
		{0FE3875A-2598-D729-F9B6-0E793156B269}.Release|x64.ActiveCfg = Release|Any CPU
		{0FE3875A-2598-D729-F9B6-0E793156B269}.Release|x64.Build.0 = Release|Any CPU
		{0FE3875A-2598-D729-F9B6-0E793156B269}.Release|x86.ActiveCfg = Release|Any CPU
		{0FE3875A-2598-D729-F9B6-0E793156B269}.Release|x86.Build.0 = Release|Any CPU
		{5901110B-215F-4BB0-A92F-313DF650F7D4}.Debug|Any CPU.ActiveCfg = Debug|Any CPU
		{5901110B-215F-4BB0-A92F-313DF650F7D4}.Debug|Any CPU.Build.0 = Debug|Any CPU
		{5901110B-215F-4BB0-A92F-313DF650F7D4}.Debug|x64.ActiveCfg = Debug|Any CPU
		{5901110B-215F-4BB0-A92F-313DF650F7D4}.Debug|x64.Build.0 = Debug|Any CPU
		{5901110B-215F-4BB0-A92F-313DF650F7D4}.Debug|x86.ActiveCfg = Debug|Any CPU
		{5901110B-215F-4BB0-A92F-313DF650F7D4}.Debug|x86.Build.0 = Debug|Any CPU
		{5901110B-215F-4BB0-A92F-313DF650F7D4}.Release|Any CPU.ActiveCfg = Release|Any CPU
		{5901110B-215F-4BB0-A92F-313DF650F7D4}.Release|Any CPU.Build.0 = Release|Any CPU
		{5901110B-215F-4BB0-A92F-313DF650F7D4}.Release|x64.ActiveCfg = Release|Any CPU
		{5901110B-215F-4BB0-A92F-313DF650F7D4}.Release|x64.Build.0 = Release|Any CPU
		{5901110B-215F-4BB0-A92F-313DF650F7D4}.Release|x86.ActiveCfg = Release|Any CPU
		{5901110B-215F-4BB0-A92F-313DF650F7D4}.Release|x86.Build.0 = Release|Any CPU
		{9F9FEFB4-6B5E-46AD-9195-30AE9E68B49C}.Debug|Any CPU.ActiveCfg = Debug|Any CPU
		{9F9FEFB4-6B5E-46AD-9195-30AE9E68B49C}.Debug|Any CPU.Build.0 = Debug|Any CPU
		{9F9FEFB4-6B5E-46AD-9195-30AE9E68B49C}.Debug|x64.ActiveCfg = Debug|Any CPU
		{9F9FEFB4-6B5E-46AD-9195-30AE9E68B49C}.Debug|x64.Build.0 = Debug|Any CPU
		{9F9FEFB4-6B5E-46AD-9195-30AE9E68B49C}.Debug|x86.ActiveCfg = Debug|Any CPU
		{9F9FEFB4-6B5E-46AD-9195-30AE9E68B49C}.Debug|x86.Build.0 = Debug|Any CPU
		{9F9FEFB4-6B5E-46AD-9195-30AE9E68B49C}.Release|Any CPU.ActiveCfg = Release|Any CPU
		{9F9FEFB4-6B5E-46AD-9195-30AE9E68B49C}.Release|Any CPU.Build.0 = Release|Any CPU
		{9F9FEFB4-6B5E-46AD-9195-30AE9E68B49C}.Release|x64.ActiveCfg = Release|Any CPU
		{9F9FEFB4-6B5E-46AD-9195-30AE9E68B49C}.Release|x64.Build.0 = Release|Any CPU
		{9F9FEFB4-6B5E-46AD-9195-30AE9E68B49C}.Release|x86.ActiveCfg = Release|Any CPU
		{9F9FEFB4-6B5E-46AD-9195-30AE9E68B49C}.Release|x86.Build.0 = Release|Any CPU
		{DE68A982-643F-49E2-AB99-ADC52E835C3A}.Debug|Any CPU.ActiveCfg = Debug|Any CPU
		{DE68A982-643F-49E2-AB99-ADC52E835C3A}.Debug|Any CPU.Build.0 = Debug|Any CPU
		{DE68A982-643F-49E2-AB99-ADC52E835C3A}.Debug|x64.ActiveCfg = Debug|Any CPU
		{DE68A982-643F-49E2-AB99-ADC52E835C3A}.Debug|x64.Build.0 = Debug|Any CPU
		{DE68A982-643F-49E2-AB99-ADC52E835C3A}.Debug|x86.ActiveCfg = Debug|Any CPU
		{DE68A982-643F-49E2-AB99-ADC52E835C3A}.Debug|x86.Build.0 = Debug|Any CPU
		{DE68A982-643F-49E2-AB99-ADC52E835C3A}.Release|Any CPU.ActiveCfg = Release|Any CPU
		{DE68A982-643F-49E2-AB99-ADC52E835C3A}.Release|Any CPU.Build.0 = Release|Any CPU
		{DE68A982-643F-49E2-AB99-ADC52E835C3A}.Release|x64.ActiveCfg = Release|Any CPU
		{DE68A982-643F-49E2-AB99-ADC52E835C3A}.Release|x64.Build.0 = Release|Any CPU
		{DE68A982-643F-49E2-AB99-ADC52E835C3A}.Release|x86.ActiveCfg = Release|Any CPU
		{DE68A982-643F-49E2-AB99-ADC52E835C3A}.Release|x86.Build.0 = Release|Any CPU
	EndGlobalSection
	GlobalSection(SolutionProperties) = preSolution
		HideSolutionNode = FALSE
	EndGlobalSection
	GlobalSection(NestedProjects) = preSolution
		{DBB0281E-FA0B-4ECA-9D6B-75F5E2921F4E} = {0BE4B73C-D2AE-437E-A1A2-D3A59CC060A6}
		{ECA0C420-1356-4FCD-8644-A9D5BC633C2A} = {DBB0281E-FA0B-4ECA-9D6B-75F5E2921F4E}
		{D90EC531-5E5F-4A43-B978-0E64A9DE90E4} = {DBB0281E-FA0B-4ECA-9D6B-75F5E2921F4E}
		{3D707336-0E59-4412-9BE5-8ED0B68F025F} = {DBB0281E-FA0B-4ECA-9D6B-75F5E2921F4E}
		{53DCE9F1-4719-4745-A1E0-669C55765099} = {DBB0281E-FA0B-4ECA-9D6B-75F5E2921F4E}
		{B3C8E17B-B5A3-4337-B31A-336FDF5F83D5} = {DBB0281E-FA0B-4ECA-9D6B-75F5E2921F4E}
		{73AD4B56-1DF9-4D54-A135-38C813F816AD} = {0BE4B73C-D2AE-437E-A1A2-D3A59CC060A6}
		{E471F5D3-6E8E-49F8-A0D9-C38867B2BD33} = {73AD4B56-1DF9-4D54-A135-38C813F816AD}
		{E2DECD3D-BFCE-4D57-8C67-65393EA6E476} = {73AD4B56-1DF9-4D54-A135-38C813F816AD}
		{35F85D69-B835-4D10-8DE4-2860E899B150} = {73AD4B56-1DF9-4D54-A135-38C813F816AD}
		{5C2080E6-9FEA-4A0E-8DE4-161A5423B077} = {73AD4B56-1DF9-4D54-A135-38C813F816AD}
		{714BE977-ABE9-4464-BDF3-080693C35AAE} = {73AD4B56-1DF9-4D54-A135-38C813F816AD}
		{B6A02D19-9F56-01A7-894A-7163CABA8346} = {02EA681E-C7D8-13C7-8484-4AC65E1B71E8}
		{ADCC9D0D-C801-2E19-8DA5-EEFC873694DD} = {02EA681E-C7D8-13C7-8484-4AC65E1B71E8}
		{2A115F64-AAB3-714D-8BFD-CA99C2FC5520} = {02EA681E-C7D8-13C7-8484-4AC65E1B71E8}
		{BE0B0CB0-84F1-A5A4-9350-A6A06DB38745} = {02EA681E-C7D8-13C7-8484-4AC65E1B71E8}
		{0FE3875A-2598-D729-F9B6-0E793156B269} = {02EA681E-C7D8-13C7-8484-4AC65E1B71E8}
		{02EA681E-C7D8-13C7-8484-4AC65E1B71E8} = {0BE4B73C-D2AE-437E-A1A2-D3A59CC060A6}
		{9F9FEFB4-6B5E-46AD-9195-30AE9E68B49C} = {DBB0281E-FA0B-4ECA-9D6B-75F5E2921F4E}
		{DE68A982-643F-49E2-AB99-ADC52E835C3A} = {0AB3BF05-4346-4AA6-1389-037BE0695223}
	EndGlobalSection
	GlobalSection(ExtensibilityGlobals) = postSolution
		SolutionGuid = {D390B3F0-F57A-463D-B86A-6B3D1A8196BB}
	EndGlobalSection
EndGlobal
